<?xml version="1.0" encoding="utf-8"?>
<Project ToolsVersion="4.0" xmlns="http://schemas.microsoft.com/developer/msbuild/2003">
  <ItemGroup>
    <Filter Include="Source Files">
      <UniqueIdentifier>{4FC737F1-C7A5-4376-A066-2A32D752A2FF}</UniqueIdentifier>
      <Extensions>cpp;c;cc;cxx;def;odl;idl;hpj;bat;asm;asmx</Extensions>
    </Filter>
  </ItemGroup>
  <ItemGroup>
    <None Include="build.cmd">
      <Filter>Source Files</Filter>
    </None>
    <None Include="JOM.java">
      <Filter>Source Files</Filter>
    </None>
    <None Include="JOMAPI.java">
      <Filter>Source Files</Filter>
    </None>
    <None Include="Makefile">
      <Filter>Source Files</Filter>
    </None>
  </ItemGroup>
  <ItemGroup>
    <ClCompile Include="JOMAPI.c">
      <Filter>Source Files</Filter>
    </ClCompile>
  </ItemGroup>
  <ItemGroup>
    <ClInclude Include="JOMAPI.h">
      <Filter>Source Files</Filter>
    </ClInclude>
  </ItemGroup>
</Project>