<?xml version="1.0" encoding="utf-8"?>
<Project ToolsVersion="4.0" xmlns="http://schemas.microsoft.com/developer/msbuild/2003">
  <ItemGroup>
    <Filter Include="Source Files">
      <UniqueIdentifier>{4FC737F1-C7A5-4376-A066-2A32D752A2FF}</UniqueIdentifier>
      <Extensions>cpp;c;cc;cxx;def;odl;idl;hpj;bat;asm;asmx</Extensions>
    </Filter>
    <Filter Include="Header Files">
      <UniqueIdentifier>{93995380-89BD-4b04-88EB-625FBE52EBFB}</UniqueIdentifier>
      <Extensions>h;hh;hpp;hxx;hm;inl;inc;xsd</Extensions>
    </Filter>
    <Filter Include="Resource Files">
      <UniqueIdentifier>{67DA6AB6-F800-4c08-8B7A-83BB121AAD01}</UniqueIdentifier>
      <Extensions>rc;ico;cur;bmp;dlg;rc2;rct;bin;rgs;gif;jpg;jpeg;jpe;resx;tiff;tif;png;wav;mfcribbon-ms</Extensions>
    </Filter>
  </ItemGroup>
  <ItemGroup>
    <ClCompile Include="main.c">
      <Filter>Source Files</Filter>
    </ClCompile>
    <ClCompile Include="omdata.c">
      <Filter>Source Files</Filter>
    </ClCompile>
    <ClCompile Include="omconvert.c">
      <Filter>Source Files</Filter>
    </ClCompile>
    <ClCompile Include="Wav.c">
      <Filter>Source Files</Filter>
    </ClCompile>
    <ClCompile Include="omcalibrate.c">
      <Filter>Source Files</Filter>
    </ClCompile>
    <ClCompile Include="butter4bp.c">
      <Filter>Source Files</Filter>
    </ClCompile>
    <ClCompile Include="linearregression.c">
      <Filter>Source Files</Filter>
    </ClCompile>
    <ClCompile Include="svm.c">
      <Filter>Source Files</Filter>
    </ClCompile>
    <ClCompile Include="wtv.c">
      <Filter>Source Files</Filter>
    </ClCompile>
    <ClCompile Include="paee.c">
      <Filter>Source Files</Filter>
    </ClCompile>
    <ClCompile Include="csv.c">
      <Filter>Source Files</Filter>
    </ClCompile>
  </ItemGroup>
  <ItemGroup>
    <ClInclude Include="omdata.h">
      <Filter>Header Files</Filter>
    </ClInclude>
    <ClInclude Include="omconvert.h">
      <Filter>Header Files</Filter>
    </ClInclude>
    <ClInclude Include="Wav.h">
      <Filter>Header Files</Filter>
    </ClInclude>
    <ClInclude Include="omcalibrate.h">
      <Filter>Header Files</Filter>
    </ClInclude>
    <ClInclude Include="butter4bp.h">
      <Filter>Header Files</Filter>
    </ClInclude>
    <ClInclude Include="linearregression.h">
      <Filter>Header Files</Filter>
    </ClInclude>
    <ClInclude Include="svm.h">
      <Filter>Header Files</Filter>
    </ClInclude>
    <ClInclude Include="wtv.h">
      <Filter>Header Files</Filter>
    </ClInclude>
    <ClInclude Include="paee.h">
      <Filter>Header Files</Filter>
    </ClInclude>
    <ClInclude Include="csv.h">
      <Filter>Header Files</Filter>
    </ClInclude>
  </ItemGroup>
</Project>