
Microsoft Visual Studio Solution File, Format Version 12.00
# Visual Studio 14
VisualStudioVersion = 14.0.25420.1
MinimumVisualStudioVersion = 10.0.40219.1
Project("{8BC9CEB8-8B4A-11D0-8D11-00A0C91BC942}") = "omapi", "omapi\omapi.vcxproj", "{506B2C89-9796-45A7-90AC-42B7F53C0C08}"
EndProject
Project("{8BC9CEB8-8B4A-11D0-8D11-00A0C91BC942}") = "omapi-examples", "omapi\examples\omapi-examples.vcxproj", "{8BDD1BD1-15F0-47DB-A360-63ED191AF839}"
	ProjectSection(ProjectDependencies) = postProject
		{506B2C89-9796-45A7-90AC-42B7F53C0C08} = {506B2C89-9796-45A7-90AC-42B7F53C0C08}
	EndProjectSection
EndProject
Project("{FAE04EC0-301F-11D3-BF4B-00C04F79EFBC}") = "omapinet", "omapinet\omapinet.csproj", "{292262D5-D4C9-458D-B8F1-1C0F4C19A74C}"
	ProjectSection(ProjectDependencies) = postProject
		{493EA7AF-DCFA-4987-8AE9-F5541F493605} = {493EA7AF-DCFA-4987-8AE9-F5541F493605}
	EndProjectSection
EndProject
Project("{8BC9CEB8-8B4A-11D0-8D11-00A0C91BC942}") = "libomapi", "libomapi\libomapi.vcxproj", "{493EA7AF-DCFA-4987-8AE9-F5541F493605}"
	ProjectSection(ProjectDependencies) = postProject
		{506B2C89-9796-45A7-90AC-42B7F53C0C08} = {506B2C89-9796-45A7-90AC-42B7F53C0C08}
	EndProjectSection
EndProject
Project("{FAE04EC0-301F-11D3-BF4B-00C04F79EFBC}") = "omgui", "omgui\omgui.csproj", "{91C173AF-FC0E-47F2-BBD1-6A83FCB2F820}"
EndProject
Project("{8BC9CEB8-8B4A-11D0-8D11-00A0C91BC942}") = "jomapi", "jomapi\jomapi.vcxproj", "{DA24599A-5C36-405C-A43D-6F6E0C16C880}"
EndProject
Project("{FAE04EC0-301F-11D3-BF4B-00C04F79EFBC}") = "omapinet-examples", "omapinet-examples\omapinet-examples.csproj", "{B247DF64-B92B-4116-AA01-5AD200851F2D}"
EndProject
Global
	GlobalSection(SolutionConfigurationPlatforms) = preSolution
		Debug|Any CPU = Debug|Any CPU
		Debug|Mixed Platforms = Debug|Mixed Platforms
		Debug|Win32 = Debug|Win32
		Debug|x64 = Debug|x64
		Debug|x86 = Debug|x86
		Release|Any CPU = Release|Any CPU
		Release|Mixed Platforms = Release|Mixed Platforms
		Release|Win32 = Release|Win32
		Release|x64 = Release|x64
		Release|x86 = Release|x86
		test|Any CPU = test|Any CPU
		test|Mixed Platforms = test|Mixed Platforms
		test|Win32 = test|Win32
		test|x64 = test|x64
		test|x86 = test|x86
	EndGlobalSection
	GlobalSection(ProjectConfigurationPlatforms) = postSolution
		{506B2C89-9796-45A7-90AC-42B7F53C0C08}.Debug|Any CPU.ActiveCfg = Debug|Win32
		{506B2C89-9796-45A7-90AC-42B7F53C0C08}.Debug|Mixed Platforms.ActiveCfg = Debug|Win32
		{506B2C89-9796-45A7-90AC-42B7F53C0C08}.Debug|Mixed Platforms.Build.0 = Debug|Win32
		{506B2C89-9796-45A7-90AC-42B7F53C0C08}.Debug|Win32.ActiveCfg = Debug|Win32
		{506B2C89-9796-45A7-90AC-42B7F53C0C08}.Debug|Win32.Build.0 = Debug|Win32
		{506B2C89-9796-45A7-90AC-42B7F53C0C08}.Debug|x64.ActiveCfg = Debug|Win32
		{506B2C89-9796-45A7-90AC-42B7F53C0C08}.Debug|x86.ActiveCfg = Debug|Win32
		{506B2C89-9796-45A7-90AC-42B7F53C0C08}.Release|Any CPU.ActiveCfg = Release|Win32
		{506B2C89-9796-45A7-90AC-42B7F53C0C08}.Release|Mixed Platforms.ActiveCfg = Release|Win32
		{506B2C89-9796-45A7-90AC-42B7F53C0C08}.Release|Mixed Platforms.Build.0 = Release|Win32
		{506B2C89-9796-45A7-90AC-42B7F53C0C08}.Release|Win32.ActiveCfg = Release|Win32
		{506B2C89-9796-45A7-90AC-42B7F53C0C08}.Release|Win32.Build.0 = Release|Win32
		{506B2C89-9796-45A7-90AC-42B7F53C0C08}.Release|x64.ActiveCfg = Release|Win32
		{506B2C89-9796-45A7-90AC-42B7F53C0C08}.Release|x86.ActiveCfg = Release|Win32
		{506B2C89-9796-45A7-90AC-42B7F53C0C08}.Release|x86.Build.0 = Release|Win32
		{506B2C89-9796-45A7-90AC-42B7F53C0C08}.test|Any CPU.ActiveCfg = test|Win32
		{506B2C89-9796-45A7-90AC-42B7F53C0C08}.test|Mixed Platforms.ActiveCfg = test|Win32
		{506B2C89-9796-45A7-90AC-42B7F53C0C08}.test|Mixed Platforms.Build.0 = test|Win32
		{506B2C89-9796-45A7-90AC-42B7F53C0C08}.test|Win32.ActiveCfg = test|Win32
		{506B2C89-9796-45A7-90AC-42B7F53C0C08}.test|Win32.Build.0 = test|Win32
		{506B2C89-9796-45A7-90AC-42B7F53C0C08}.test|x64.ActiveCfg = test|Win32
		{506B2C89-9796-45A7-90AC-42B7F53C0C08}.test|x86.ActiveCfg = test|Win32
		{506B2C89-9796-45A7-90AC-42B7F53C0C08}.test|x86.Build.0 = test|Win32
		{8BDD1BD1-15F0-47DB-A360-63ED191AF839}.Debug|Any CPU.ActiveCfg = Debug|Win32
		{8BDD1BD1-15F0-47DB-A360-63ED191AF839}.Debug|Mixed Platforms.ActiveCfg = Debug|Win32
		{8BDD1BD1-15F0-47DB-A360-63ED191AF839}.Debug|Mixed Platforms.Build.0 = Debug|Win32
		{8BDD1BD1-15F0-47DB-A360-63ED191AF839}.Debug|Win32.ActiveCfg = Debug|Win32
		{8BDD1BD1-15F0-47DB-A360-63ED191AF839}.Debug|Win32.Build.0 = Debug|Win32
		{8BDD1BD1-15F0-47DB-A360-63ED191AF839}.Debug|x64.ActiveCfg = Debug|Win32
		{8BDD1BD1-15F0-47DB-A360-63ED191AF839}.Debug|x86.ActiveCfg = Debug|Win32
		{8BDD1BD1-15F0-47DB-A360-63ED191AF839}.Release|Any CPU.ActiveCfg = Release|Win32
		{8BDD1BD1-15F0-47DB-A360-63ED191AF839}.Release|Mixed Platforms.ActiveCfg = Release|Win32
		{8BDD1BD1-15F0-47DB-A360-63ED191AF839}.Release|Mixed Platforms.Build.0 = Release|Win32
		{8BDD1BD1-15F0-47DB-A360-63ED191AF839}.Release|Win32.ActiveCfg = Release|Win32
		{8BDD1BD1-15F0-47DB-A360-63ED191AF839}.Release|Win32.Build.0 = Release|Win32
		{8BDD1BD1-15F0-47DB-A360-63ED191AF839}.Release|x64.ActiveCfg = Release|Win32
		{8BDD1BD1-15F0-47DB-A360-63ED191AF839}.Release|x86.ActiveCfg = Release|Win32
		{8BDD1BD1-15F0-47DB-A360-63ED191AF839}.Release|x86.Build.0 = Release|Win32
		{8BDD1BD1-15F0-47DB-A360-63ED191AF839}.test|Any CPU.ActiveCfg = test|Win32
		{8BDD1BD1-15F0-47DB-A360-63ED191AF839}.test|Mixed Platforms.ActiveCfg = test|Win32
		{8BDD1BD1-15F0-47DB-A360-63ED191AF839}.test|Mixed Platforms.Build.0 = test|Win32
		{8BDD1BD1-15F0-47DB-A360-63ED191AF839}.test|Win32.ActiveCfg = test|Win32
		{8BDD1BD1-15F0-47DB-A360-63ED191AF839}.test|Win32.Build.0 = test|Win32
		{8BDD1BD1-15F0-47DB-A360-63ED191AF839}.test|x64.ActiveCfg = test|Win32
		{8BDD1BD1-15F0-47DB-A360-63ED191AF839}.test|x86.ActiveCfg = test|Win32
		{8BDD1BD1-15F0-47DB-A360-63ED191AF839}.test|x86.Build.0 = test|Win32
		{292262D5-D4C9-458D-B8F1-1C0F4C19A74C}.Debug|Any CPU.ActiveCfg = Debug|Any CPU
		{292262D5-D4C9-458D-B8F1-1C0F4C19A74C}.Debug|Any CPU.Build.0 = Debug|Any CPU
		{292262D5-D4C9-458D-B8F1-1C0F4C19A74C}.Debug|Mixed Platforms.ActiveCfg = Debug|Any CPU
		{292262D5-D4C9-458D-B8F1-1C0F4C19A74C}.Debug|Mixed Platforms.Build.0 = Debug|Any CPU
		{292262D5-D4C9-458D-B8F1-1C0F4C19A74C}.Debug|Win32.ActiveCfg = Debug|Any CPU
		{292262D5-D4C9-458D-B8F1-1C0F4C19A74C}.Debug|x64.ActiveCfg = Debug|Any CPU
		{292262D5-D4C9-458D-B8F1-1C0F4C19A74C}.Debug|x86.ActiveCfg = Debug|Any CPU
		{292262D5-D4C9-458D-B8F1-1C0F4C19A74C}.Release|Any CPU.ActiveCfg = Release|Any CPU
		{292262D5-D4C9-458D-B8F1-1C0F4C19A74C}.Release|Any CPU.Build.0 = Release|Any CPU
		{292262D5-D4C9-458D-B8F1-1C0F4C19A74C}.Release|Mixed Platforms.ActiveCfg = Release|x86
		{292262D5-D4C9-458D-B8F1-1C0F4C19A74C}.Release|Mixed Platforms.Build.0 = Release|x86
		{292262D5-D4C9-458D-B8F1-1C0F4C19A74C}.Release|Win32.ActiveCfg = Release|x86
		{292262D5-D4C9-458D-B8F1-1C0F4C19A74C}.Release|Win32.Build.0 = Release|x86
		{292262D5-D4C9-458D-B8F1-1C0F4C19A74C}.Release|x64.ActiveCfg = Release|Any CPU
		{292262D5-D4C9-458D-B8F1-1C0F4C19A74C}.Release|x86.ActiveCfg = Release|x86
		{292262D5-D4C9-458D-B8F1-1C0F4C19A74C}.Release|x86.Build.0 = Release|x86
		{292262D5-D4C9-458D-B8F1-1C0F4C19A74C}.test|Any CPU.ActiveCfg = test|Any CPU
		{292262D5-D4C9-458D-B8F1-1C0F4C19A74C}.test|Any CPU.Build.0 = test|Any CPU
		{292262D5-D4C9-458D-B8F1-1C0F4C19A74C}.test|Mixed Platforms.ActiveCfg = test|Any CPU
		{292262D5-D4C9-458D-B8F1-1C0F4C19A74C}.test|Mixed Platforms.Build.0 = test|Any CPU
		{292262D5-D4C9-458D-B8F1-1C0F4C19A74C}.test|Win32.ActiveCfg = test|Any CPU
		{292262D5-D4C9-458D-B8F1-1C0F4C19A74C}.test|x64.ActiveCfg = test|Any CPU
		{292262D5-D4C9-458D-B8F1-1C0F4C19A74C}.test|x86.ActiveCfg = test|Any CPU
		{292262D5-D4C9-458D-B8F1-1C0F4C19A74C}.test|x86.Build.0 = test|Any CPU
		{493EA7AF-DCFA-4987-8AE9-F5541F493605}.Debug|Any CPU.ActiveCfg = Debug|Win32
		{493EA7AF-DCFA-4987-8AE9-F5541F493605}.Debug|Mixed Platforms.ActiveCfg = Debug|Win32
		{493EA7AF-DCFA-4987-8AE9-F5541F493605}.Debug|Mixed Platforms.Build.0 = Debug|Win32
		{493EA7AF-DCFA-4987-8AE9-F5541F493605}.Debug|Win32.ActiveCfg = Debug|Win32
		{493EA7AF-DCFA-4987-8AE9-F5541F493605}.Debug|Win32.Build.0 = Debug|Win32
		{493EA7AF-DCFA-4987-8AE9-F5541F493605}.Debug|x64.ActiveCfg = Debug|Win32
		{493EA7AF-DCFA-4987-8AE9-F5541F493605}.Debug|x86.ActiveCfg = Debug|Win32
		{493EA7AF-DCFA-4987-8AE9-F5541F493605}.Release|Any CPU.ActiveCfg = Release|Win32
		{493EA7AF-DCFA-4987-8AE9-F5541F493605}.Release|Mixed Platforms.ActiveCfg = Release|Win32
		{493EA7AF-DCFA-4987-8AE9-F5541F493605}.Release|Mixed Platforms.Build.0 = Release|Win32
		{493EA7AF-DCFA-4987-8AE9-F5541F493605}.Release|Win32.ActiveCfg = Release|Win32
		{493EA7AF-DCFA-4987-8AE9-F5541F493605}.Release|Win32.Build.0 = Release|Win32
		{493EA7AF-DCFA-4987-8AE9-F5541F493605}.Release|x64.ActiveCfg = Release|x64
		{493EA7AF-DCFA-4987-8AE9-F5541F493605}.Release|x64.Build.0 = Release|x64
		{493EA7AF-DCFA-4987-8AE9-F5541F493605}.Release|x86.ActiveCfg = Release|Win32
		{493EA7AF-DCFA-4987-8AE9-F5541F493605}.Release|x86.Build.0 = Release|Win32
		{493EA7AF-DCFA-4987-8AE9-F5541F493605}.test|Any CPU.ActiveCfg = test|Win32
		{493EA7AF-DCFA-4987-8AE9-F5541F493605}.test|Mixed Platforms.ActiveCfg = test|Win32
		{493EA7AF-DCFA-4987-8AE9-F5541F493605}.test|Mixed Platforms.Build.0 = test|Win32
		{493EA7AF-DCFA-4987-8AE9-F5541F493605}.test|Win32.ActiveCfg = test|Win32
		{493EA7AF-DCFA-4987-8AE9-F5541F493605}.test|Win32.Build.0 = test|Win32
		{493EA7AF-DCFA-4987-8AE9-F5541F493605}.test|x64.ActiveCfg = test|Win32
		{493EA7AF-DCFA-4987-8AE9-F5541F493605}.test|x86.ActiveCfg = test|Win32
		{493EA7AF-DCFA-4987-8AE9-F5541F493605}.test|x86.Build.0 = test|Win32
		{91C173AF-FC0E-47F2-BBD1-6A83FCB2F820}.Debug|Any CPU.ActiveCfg = Debug|x86
		{91C173AF-FC0E-47F2-BBD1-6A83FCB2F820}.Debug|Mixed Platforms.ActiveCfg = Debug|x86
		{91C173AF-FC0E-47F2-BBD1-6A83FCB2F820}.Debug|Mixed Platforms.Build.0 = Debug|x86
		{91C173AF-FC0E-47F2-BBD1-6A83FCB2F820}.Debug|Win32.ActiveCfg = Debug|x86
		{91C173AF-FC0E-47F2-BBD1-6A83FCB2F820}.Debug|x64.ActiveCfg = Debug|x64
		{91C173AF-FC0E-47F2-BBD1-6A83FCB2F820}.Debug|x64.Build.0 = Debug|x64
		{91C173AF-FC0E-47F2-BBD1-6A83FCB2F820}.Debug|x86.ActiveCfg = Debug|x86
		{91C173AF-FC0E-47F2-BBD1-6A83FCB2F820}.Debug|x86.Build.0 = Debug|x86
		{91C173AF-FC0E-47F2-BBD1-6A83FCB2F820}.Release|Any CPU.ActiveCfg = Release|x86
		{91C173AF-FC0E-47F2-BBD1-6A83FCB2F820}.Release|Mixed Platforms.ActiveCfg = Release|x86
		{91C173AF-FC0E-47F2-BBD1-6A83FCB2F820}.Release|Mixed Platforms.Build.0 = Release|x86
		{91C173AF-FC0E-47F2-BBD1-6A83FCB2F820}.Release|Win32.ActiveCfg = Release|x86
		{91C173AF-FC0E-47F2-BBD1-6A83FCB2F820}.Release|Win32.Build.0 = Release|x86
		{91C173AF-FC0E-47F2-BBD1-6A83FCB2F820}.Release|x64.ActiveCfg = Release|x64
		{91C173AF-FC0E-47F2-BBD1-6A83FCB2F820}.Release|x64.Build.0 = Release|x64
		{91C173AF-FC0E-47F2-BBD1-6A83FCB2F820}.Release|x86.ActiveCfg = Release|x86
		{91C173AF-FC0E-47F2-BBD1-6A83FCB2F820}.Release|x86.Build.0 = Release|x86
		{91C173AF-FC0E-47F2-BBD1-6A83FCB2F820}.test|Any CPU.ActiveCfg = test|x64
		{91C173AF-FC0E-47F2-BBD1-6A83FCB2F820}.test|Mixed Platforms.ActiveCfg = test|x64
		{91C173AF-FC0E-47F2-BBD1-6A83FCB2F820}.test|Mixed Platforms.Build.0 = test|x64
		{91C173AF-FC0E-47F2-BBD1-6A83FCB2F820}.test|Win32.ActiveCfg = test|x64
		{91C173AF-FC0E-47F2-BBD1-6A83FCB2F820}.test|x64.ActiveCfg = test|x64
		{91C173AF-FC0E-47F2-BBD1-6A83FCB2F820}.test|x64.Build.0 = test|x64
		{91C173AF-FC0E-47F2-BBD1-6A83FCB2F820}.test|x86.ActiveCfg = test|x86
		{91C173AF-FC0E-47F2-BBD1-6A83FCB2F820}.test|x86.Build.0 = test|x86
		{DA24599A-5C36-405C-A43D-6F6E0C16C880}.Debug|Any CPU.ActiveCfg = Release|Win32
		{DA24599A-5C36-405C-A43D-6F6E0C16C880}.Debug|Mixed Platforms.ActiveCfg = Debug|Win32
		{DA24599A-5C36-405C-A43D-6F6E0C16C880}.Debug|Mixed Platforms.Build.0 = Debug|Win32
		{DA24599A-5C36-405C-A43D-6F6E0C16C880}.Debug|Win32.ActiveCfg = Release|Win32
		{DA24599A-5C36-405C-A43D-6F6E0C16C880}.Debug|Win32.Build.0 = Release|Win32
		{DA24599A-5C36-405C-A43D-6F6E0C16C880}.Debug|x64.ActiveCfg = Debug|Win32
		{DA24599A-5C36-405C-A43D-6F6E0C16C880}.Debug|x86.ActiveCfg = Release|Win32
		{DA24599A-5C36-405C-A43D-6F6E0C16C880}.Release|Any CPU.ActiveCfg = Release|Win32
		{DA24599A-5C36-405C-A43D-6F6E0C16C880}.Release|Mixed Platforms.ActiveCfg = Release|Win32
		{DA24599A-5C36-405C-A43D-6F6E0C16C880}.Release|Mixed Platforms.Build.0 = Release|Win32
		{DA24599A-5C36-405C-A43D-6F6E0C16C880}.Release|Win32.ActiveCfg = Release|Win32
		{DA24599A-5C36-405C-A43D-6F6E0C16C880}.Release|Win32.Build.0 = Release|Win32
		{DA24599A-5C36-405C-A43D-6F6E0C16C880}.Release|x64.ActiveCfg = Release|Win32
		{DA24599A-5C36-405C-A43D-6F6E0C16C880}.Release|x86.ActiveCfg = Release|Win32
		{DA24599A-5C36-405C-A43D-6F6E0C16C880}.Release|x86.Build.0 = Release|Win32
		{DA24599A-5C36-405C-A43D-6F6E0C16C880}.test|Any CPU.ActiveCfg = test|Win32
		{DA24599A-5C36-405C-A43D-6F6E0C16C880}.test|Mixed Platforms.ActiveCfg = test|Win32
		{DA24599A-5C36-405C-A43D-6F6E0C16C880}.test|Mixed Platforms.Build.0 = test|Win32
		{DA24599A-5C36-405C-A43D-6F6E0C16C880}.test|Win32.ActiveCfg = test|Win32
		{DA24599A-5C36-405C-A43D-6F6E0C16C880}.test|Win32.Build.0 = test|Win32
		{DA24599A-5C36-405C-A43D-6F6E0C16C880}.test|x64.ActiveCfg = test|Win32
		{DA24599A-5C36-405C-A43D-6F6E0C16C880}.test|x86.ActiveCfg = test|Win32
		{DA24599A-5C36-405C-A43D-6F6E0C16C880}.test|x86.Build.0 = test|Win32
		{B247DF64-B92B-4116-AA01-5AD200851F2D}.Debug|Any CPU.ActiveCfg = Debug|x86
		{B247DF64-B92B-4116-AA01-5AD200851F2D}.Debug|Mixed Platforms.ActiveCfg = Debug|x86
		{B247DF64-B92B-4116-AA01-5AD200851F2D}.Debug|Mixed Platforms.Build.0 = Debug|x86
		{B247DF64-B92B-4116-AA01-5AD200851F2D}.Debug|Win32.ActiveCfg = Debug|x86
		{B247DF64-B92B-4116-AA01-5AD200851F2D}.Debug|x64.ActiveCfg = Debug|x86
		{B247DF64-B92B-4116-AA01-5AD200851F2D}.Debug|x86.ActiveCfg = Debug|x86
		{B247DF64-B92B-4116-AA01-5AD200851F2D}.Debug|x86.Build.0 = Debug|x86
		{B247DF64-B92B-4116-AA01-5AD200851F2D}.Release|Any CPU.ActiveCfg = Release|x86
		{B247DF64-B92B-4116-AA01-5AD200851F2D}.Release|Mixed Platforms.ActiveCfg = Release|x86
		{B247DF64-B92B-4116-AA01-5AD200851F2D}.Release|Mixed Platforms.Build.0 = Release|x86
		{B247DF64-B92B-4116-AA01-5AD200851F2D}.Release|Win32.ActiveCfg = Release|x86
		{B247DF64-B92B-4116-AA01-5AD200851F2D}.Release|Win32.Build.0 = Release|x86
		{B247DF64-B92B-4116-AA01-5AD200851F2D}.Release|x64.ActiveCfg = Release|x86
		{B247DF64-B92B-4116-AA01-5AD200851F2D}.Release|x86.ActiveCfg = Release|x86
		{B247DF64-B92B-4116-AA01-5AD200851F2D}.Release|x86.Build.0 = Release|x86
		{B247DF64-B92B-4116-AA01-5AD200851F2D}.test|Any CPU.ActiveCfg = test|x86
		{B247DF64-B92B-4116-AA01-5AD200851F2D}.test|Mixed Platforms.ActiveCfg = test|x86
		{B247DF64-B92B-4116-AA01-5AD200851F2D}.test|Mixed Platforms.Build.0 = test|x86
		{B247DF64-B92B-4116-AA01-5AD200851F2D}.test|Win32.ActiveCfg = test|x86
		{B247DF64-B92B-4116-AA01-5AD200851F2D}.test|x64.ActiveCfg = test|x86
		{B247DF64-B92B-4116-AA01-5AD200851F2D}.test|x86.ActiveCfg = test|x86
		{B247DF64-B92B-4116-AA01-5AD200851F2D}.test|x86.Build.0 = test|x86
	EndGlobalSection
	GlobalSection(SolutionProperties) = preSolution
		HideSolutionNode = FALSE
	EndGlobalSection
EndGlobal
